
Microsoft Visual Studio Solution File, Format Version 12.00
# Visual Studio 15
VisualStudioVersion = 15.0.27004.2006
MinimumVisualStudioVersion = 10.0.40219.1
Project("{FAE04EC0-301F-11D3-BF4B-00C04F79EFBC}") = "SampleMvc", "SampleMvc\SampleMvc.csproj", "{F284C188-756A-4207-9352-F47D10670AC3}"
EndProject
Project("{FAE04EC0-301F-11D3-BF4B-00C04F79EFBC}") = "SampleMvc.Db", "SampleMvc.Db\SampleMvc.Db.csproj", "{724E815A-4B2E-4EE6-92FC-16CE1040BC3A}"
EndProject
Global
	GlobalSection(SolutionConfigurationPlatforms) = preSolution
		Debug|Any CPU = Debug|Any CPU
		Release|Any CPU = Release|Any CPU
	EndGlobalSection
	GlobalSection(ProjectConfigurationPlatforms) = postSolution
		{F284C188-756A-4207-9352-F47D10670AC3}.Debug|Any CPU.ActiveCfg = Debug|Any CPU
		{F284C188-756A-4207-9352-F47D10670AC3}.Debug|Any CPU.Build.0 = Debug|Any CPU
		{F284C188-756A-4207-9352-F47D10670AC3}.Release|Any CPU.ActiveCfg = Release|Any CPU
		{F284C188-756A-4207-9352-F47D10670AC3}.Release|Any CPU.Build.0 = Release|Any CPU
		{724E815A-4B2E-4EE6-92FC-16CE1040BC3A}.Debug|Any CPU.ActiveCfg = Debug|Any CPU
		{724E815A-4B2E-4EE6-92FC-16CE1040BC3A}.Debug|Any CPU.Build.0 = Debug|Any CPU
		{724E815A-4B2E-4EE6-92FC-16CE1040BC3A}.Release|Any CPU.ActiveCfg = Release|Any CPU
		{724E815A-4B2E-4EE6-92FC-16CE1040BC3A}.Release|Any CPU.Build.0 = Release|Any CPU
	EndGlobalSection
	GlobalSection(SolutionProperties) = preSolution
		HideSolutionNode = FALSE
	EndGlobalSection
	GlobalSection(ExtensibilityGlobals) = postSolution
		SolutionGuid = {B22D2937-8517-43DD-8CB1-EC4F4A2E7937}
	EndGlobalSection
EndGlobal
